{
  "originHash" : "ca3cf5f8f83d297b47d2cb0edff3e06f294951e2e06fa55cfc82831103499b2a",
  "pins" : [
    {
      "identity" : "facebook-ios-sdk",
      "kind" : "remoteSourceControl",
      "location" : "https://github.com/facebook/facebook-ios-sdk",
      "state" : {
        "revision" : "80d0ee82f6370d1bace1431a80cb80575f98ee90",
        "version" : "18.1.1"
      }
    }
  ],
  "version" : 3
}
